
Microsoft Visual Studio Solution File, Format Version 12.00
# Visual Studio 2013
VisualStudioVersion = 12.0.21005.1
MinimumVisualStudioVersion = 10.0.40219.1
Project("{FAE04EC0-301F-11D3-BF4B-00C04F79EFBC}") = "01. Student task", "01. Student task\01. Student task.csproj", "{D6FF1EC1-39DF-478E-90FB-63AD00A2A492}"
EndProject
Project("{FAE04EC0-301F-11D3-BF4B-00C04F79EFBC}") = "04. Person task", "04. Person task\04. Person task.csproj", "{BD6D6E87-72CF-468F-AFCC-B617FC0E3D5D}"
EndProject
Project("{FAE04EC0-301F-11D3-BF4B-00C04F79EFBC}") = "05. Task bit array", "05. Task bit array\05. Task bit array.csproj", "{9B5597EA-AA05-43DF-BDA0-85854F7F3536}"
EndProject
Global
	GlobalSection(SolutionConfigurationPlatforms) = preSolution
		Debug|Any CPU = Debug|Any CPU
		Release|Any CPU = Release|Any CPU
	EndGlobalSection
	GlobalSection(ProjectConfigurationPlatforms) = postSolution
		{D6FF1EC1-39DF-478E-90FB-63AD00A2A492}.Debug|Any CPU.ActiveCfg = Debug|Any CPU
		{D6FF1EC1-39DF-478E-90FB-63AD00A2A492}.Debug|Any CPU.Build.0 = Debug|Any CPU
		{D6FF1EC1-39DF-478E-90FB-63AD00A2A492}.Release|Any CPU.ActiveCfg = Release|Any CPU
		{D6FF1EC1-39DF-478E-90FB-63AD00A2A492}.Release|Any CPU.Build.0 = Release|Any CPU
		{BD6D6E87-72CF-468F-AFCC-B617FC0E3D5D}.Debug|Any CPU.ActiveCfg = Debug|Any CPU
		{BD6D6E87-72CF-468F-AFCC-B617FC0E3D5D}.Debug|Any CPU.Build.0 = Debug|Any CPU
		{BD6D6E87-72CF-468F-AFCC-B617FC0E3D5D}.Release|Any CPU.ActiveCfg = Release|Any CPU
		{BD6D6E87-72CF-468F-AFCC-B617FC0E3D5D}.Release|Any CPU.Build.0 = Release|Any CPU
		{9B5597EA-AA05-43DF-BDA0-85854F7F3536}.Debug|Any CPU.ActiveCfg = Debug|Any CPU
		{9B5597EA-AA05-43DF-BDA0-85854F7F3536}.Debug|Any CPU.Build.0 = Debug|Any CPU
		{9B5597EA-AA05-43DF-BDA0-85854F7F3536}.Release|Any CPU.ActiveCfg = Release|Any CPU
		{9B5597EA-AA05-43DF-BDA0-85854F7F3536}.Release|Any CPU.Build.0 = Release|Any CPU
	EndGlobalSection
	GlobalSection(SolutionProperties) = preSolution
		HideSolutionNode = FALSE
	EndGlobalSection
EndGlobal
