
Microsoft Visual Studio Solution File, Format Version 12.00
# Visual Studio Express 2013 for Windows Desktop
VisualStudioVersion = 12.0.21005.1
MinimumVisualStudioVersion = 10.0.40219.1
Project("{FAE04EC0-301F-11D3-BF4B-00C04F79EFBC}") = "01. Variable exchange", "01. Variable exchange\01. Variable exchange.csproj", "{FD7E8F33-BB5F-415E-A676-1BE4173A08A6}"
EndProject
Project("{FAE04EC0-301F-11D3-BF4B-00C04F79EFBC}") = "02. Product of three real numbers", "02. Product of three real numbers\02. Product of three real numbers.csproj", "{C7D429FC-9B60-42D5-9EBD-9E7101B78422}"
EndProject
Project("{FAE04EC0-301F-11D3-BF4B-00C04F79EFBC}") = "03. NestedIfSt", "03. NestedIfSt\03. NestedIfSt.csproj", "{6147D3D7-B329-41F1-9E3F-A5BE89363F35}"
EndProject
Project("{FAE04EC0-301F-11D3-BF4B-00C04F79EFBC}") = "04. Sorting", "04. Sorting\04. Sorting.csproj", "{6962C08A-20FE-4A4B-B21E-E43F32D529B3}"
EndProject
Project("{FAE04EC0-301F-11D3-BF4B-00C04F79EFBC}") = "05. Digit name", "05. Digit name\05. Digit name.csproj", "{C9ABAFA1-6F69-4C7A-BE1D-94A671282BF5}"
EndProject
Project("{FAE04EC0-301F-11D3-BF4B-00C04F79EFBC}") = "06. Quadratic equation", "06. Quadratic equation\06. Quadratic equation.csproj", "{934653A4-0190-4554-BB42-93F2881F042C}"
EndProject
Project("{FAE04EC0-301F-11D3-BF4B-00C04F79EFBC}") = "07. Greates of five", "07. Greates of five\07. Greates of five.csproj", "{2BA3AE6B-684F-42EB-94AB-90039AE8E2E4}"
EndProject
Project("{FAE04EC0-301F-11D3-BF4B-00C04F79EFBC}") = "08. Variable choice", "08. Variable choice\08. Variable choice.csproj", "{08A20C05-F345-4C9C-82E8-5010C9D4879A}"
EndProject
Project("{FAE04EC0-301F-11D3-BF4B-00C04F79EFBC}") = "09. Sum chcek = 0", "09. Sum chcek = 0\09. Sum chcek = 0.csproj", "{24D70BDF-7944-47F7-A130-786DF4E051A2}"
EndProject
Project("{FAE04EC0-301F-11D3-BF4B-00C04F79EFBC}") = "10. Bonus scores", "10. Bonus scores\10. Bonus scores.csproj", "{12982247-2192-4D47-8D14-E95EB81ACD00}"
EndProject
Project("{FAE04EC0-301F-11D3-BF4B-00C04F79EFBC}") = "11. Number to text", "11. Number to text\11. Number to text.csproj", "{43486B8D-A633-426F-A3AC-F0DB148E371B}"
EndProject
Global
	GlobalSection(SolutionConfigurationPlatforms) = preSolution
		Debug|Any CPU = Debug|Any CPU
		Release|Any CPU = Release|Any CPU
	EndGlobalSection
	GlobalSection(ProjectConfigurationPlatforms) = postSolution
		{FD7E8F33-BB5F-415E-A676-1BE4173A08A6}.Debug|Any CPU.ActiveCfg = Debug|Any CPU
		{FD7E8F33-BB5F-415E-A676-1BE4173A08A6}.Debug|Any CPU.Build.0 = Debug|Any CPU
		{FD7E8F33-BB5F-415E-A676-1BE4173A08A6}.Release|Any CPU.ActiveCfg = Release|Any CPU
		{FD7E8F33-BB5F-415E-A676-1BE4173A08A6}.Release|Any CPU.Build.0 = Release|Any CPU
		{C7D429FC-9B60-42D5-9EBD-9E7101B78422}.Debug|Any CPU.ActiveCfg = Debug|Any CPU
		{C7D429FC-9B60-42D5-9EBD-9E7101B78422}.Debug|Any CPU.Build.0 = Debug|Any CPU
		{C7D429FC-9B60-42D5-9EBD-9E7101B78422}.Release|Any CPU.ActiveCfg = Release|Any CPU
		{C7D429FC-9B60-42D5-9EBD-9E7101B78422}.Release|Any CPU.Build.0 = Release|Any CPU
		{6147D3D7-B329-41F1-9E3F-A5BE89363F35}.Debug|Any CPU.ActiveCfg = Debug|Any CPU
		{6147D3D7-B329-41F1-9E3F-A5BE89363F35}.Debug|Any CPU.Build.0 = Debug|Any CPU
		{6147D3D7-B329-41F1-9E3F-A5BE89363F35}.Release|Any CPU.ActiveCfg = Release|Any CPU
		{6147D3D7-B329-41F1-9E3F-A5BE89363F35}.Release|Any CPU.Build.0 = Release|Any CPU
		{6962C08A-20FE-4A4B-B21E-E43F32D529B3}.Debug|Any CPU.ActiveCfg = Debug|Any CPU
		{6962C08A-20FE-4A4B-B21E-E43F32D529B3}.Debug|Any CPU.Build.0 = Debug|Any CPU
		{6962C08A-20FE-4A4B-B21E-E43F32D529B3}.Release|Any CPU.ActiveCfg = Release|Any CPU
		{6962C08A-20FE-4A4B-B21E-E43F32D529B3}.Release|Any CPU.Build.0 = Release|Any CPU
		{C9ABAFA1-6F69-4C7A-BE1D-94A671282BF5}.Debug|Any CPU.ActiveCfg = Debug|Any CPU
		{C9ABAFA1-6F69-4C7A-BE1D-94A671282BF5}.Debug|Any CPU.Build.0 = Debug|Any CPU
		{C9ABAFA1-6F69-4C7A-BE1D-94A671282BF5}.Release|Any CPU.ActiveCfg = Release|Any CPU
		{C9ABAFA1-6F69-4C7A-BE1D-94A671282BF5}.Release|Any CPU.Build.0 = Release|Any CPU
		{934653A4-0190-4554-BB42-93F2881F042C}.Debug|Any CPU.ActiveCfg = Debug|Any CPU
		{934653A4-0190-4554-BB42-93F2881F042C}.Debug|Any CPU.Build.0 = Debug|Any CPU
		{934653A4-0190-4554-BB42-93F2881F042C}.Release|Any CPU.ActiveCfg = Release|Any CPU
		{934653A4-0190-4554-BB42-93F2881F042C}.Release|Any CPU.Build.0 = Release|Any CPU
		{2BA3AE6B-684F-42EB-94AB-90039AE8E2E4}.Debug|Any CPU.ActiveCfg = Debug|Any CPU
		{2BA3AE6B-684F-42EB-94AB-90039AE8E2E4}.Debug|Any CPU.Build.0 = Debug|Any CPU
		{2BA3AE6B-684F-42EB-94AB-90039AE8E2E4}.Release|Any CPU.ActiveCfg = Release|Any CPU
		{2BA3AE6B-684F-42EB-94AB-90039AE8E2E4}.Release|Any CPU.Build.0 = Release|Any CPU
		{08A20C05-F345-4C9C-82E8-5010C9D4879A}.Debug|Any CPU.ActiveCfg = Debug|Any CPU
		{08A20C05-F345-4C9C-82E8-5010C9D4879A}.Debug|Any CPU.Build.0 = Debug|Any CPU
		{08A20C05-F345-4C9C-82E8-5010C9D4879A}.Release|Any CPU.ActiveCfg = Release|Any CPU
		{08A20C05-F345-4C9C-82E8-5010C9D4879A}.Release|Any CPU.Build.0 = Release|Any CPU
		{24D70BDF-7944-47F7-A130-786DF4E051A2}.Debug|Any CPU.ActiveCfg = Debug|Any CPU
		{24D70BDF-7944-47F7-A130-786DF4E051A2}.Debug|Any CPU.Build.0 = Debug|Any CPU
		{24D70BDF-7944-47F7-A130-786DF4E051A2}.Release|Any CPU.ActiveCfg = Release|Any CPU
		{24D70BDF-7944-47F7-A130-786DF4E051A2}.Release|Any CPU.Build.0 = Release|Any CPU
		{12982247-2192-4D47-8D14-E95EB81ACD00}.Debug|Any CPU.ActiveCfg = Debug|Any CPU
		{12982247-2192-4D47-8D14-E95EB81ACD00}.Debug|Any CPU.Build.0 = Debug|Any CPU
		{12982247-2192-4D47-8D14-E95EB81ACD00}.Release|Any CPU.ActiveCfg = Release|Any CPU
		{12982247-2192-4D47-8D14-E95EB81ACD00}.Release|Any CPU.Build.0 = Release|Any CPU
		{43486B8D-A633-426F-A3AC-F0DB148E371B}.Debug|Any CPU.ActiveCfg = Debug|Any CPU
		{43486B8D-A633-426F-A3AC-F0DB148E371B}.Debug|Any CPU.Build.0 = Debug|Any CPU
		{43486B8D-A633-426F-A3AC-F0DB148E371B}.Release|Any CPU.ActiveCfg = Release|Any CPU
		{43486B8D-A633-426F-A3AC-F0DB148E371B}.Release|Any CPU.Build.0 = Release|Any CPU
	EndGlobalSection
	GlobalSection(SolutionProperties) = preSolution
		HideSolutionNode = FALSE
	EndGlobalSection
EndGlobal
