
Microsoft Visual Studio Solution File, Format Version 12.00
# Visual Studio 2013
VisualStudioVersion = 12.0.30501.0
MinimumVisualStudioVersion = 10.0.40219.1
Project("{FAE04EC0-301F-11D3-BF4B-00C04F79EFBC}") = "01 SumAndAverageFromSequence", "01 SumAndAverageFromSequence\01 SumAndAverageFromSequence.csproj", "{6172D896-9BA6-4DD9-8AD6-A76F284D85C8}"
EndProject
Project("{FAE04EC0-301F-11D3-BF4B-00C04F79EFBC}") = "02 StackReverse", "02 StackReverse\02 StackReverse.csproj", "{52E807E3-FE69-485E-88A9-C096F42B667B}"
EndProject
Project("{FAE04EC0-301F-11D3-BF4B-00C04F79EFBC}") = "03 SequenceSort", "03 SequenceSort\03 SequenceSort.csproj", "{DA1326E6-676D-43C7-B6C8-E2C13294AC85}"
EndProject
Project("{FAE04EC0-301F-11D3-BF4B-00C04F79EFBC}") = "04 MaximalSequenceOfEqualNumbers", "04 MaximalSequenceOfEqualNumbers\04 MaximalSequenceOfEqualNumbers.csproj", "{22A371E3-FD63-4004-85EB-8039127EB80B}"
EndProject
Project("{FAE04EC0-301F-11D3-BF4B-00C04F79EFBC}") = "05 RemoveAllNegativeNumbers", "05 RemoveAllNegativeNumbers\05 RemoveAllNegativeNumbers.csproj", "{21B9F8FE-61AF-4AE1-B9BF-F340BF962E49}"
EndProject
Project("{FAE04EC0-301F-11D3-BF4B-00C04F79EFBC}") = "06 RemoveOddNumberOfTimes", "06 RemoveOddNumberOfTimes\06 RemoveOddNumberOfTimes.csproj", "{98348361-AC00-41C5-9CE6-4931B8AAAF4D}"
EndProject
Project("{FAE04EC0-301F-11D3-BF4B-00C04F79EFBC}") = "09 SequenceWithPattern", "09 SequenceWithPattern\09 SequenceWithPattern.csproj", "{25C66976-C35E-4961-BDD6-EE16346D6552}"
EndProject
Project("{FAE04EC0-301F-11D3-BF4B-00C04F79EFBC}") = "07 CountSimilarItems", "07 CountSimilarItems\07 CountSimilarItems.csproj", "{9009929C-B248-48F9-99F2-B3D1343A23CD}"
EndProject
Global
	GlobalSection(SolutionConfigurationPlatforms) = preSolution
		Debug|Any CPU = Debug|Any CPU
		Release|Any CPU = Release|Any CPU
	EndGlobalSection
	GlobalSection(ProjectConfigurationPlatforms) = postSolution
		{6172D896-9BA6-4DD9-8AD6-A76F284D85C8}.Debug|Any CPU.ActiveCfg = Debug|Any CPU
		{6172D896-9BA6-4DD9-8AD6-A76F284D85C8}.Debug|Any CPU.Build.0 = Debug|Any CPU
		{6172D896-9BA6-4DD9-8AD6-A76F284D85C8}.Release|Any CPU.ActiveCfg = Release|Any CPU
		{6172D896-9BA6-4DD9-8AD6-A76F284D85C8}.Release|Any CPU.Build.0 = Release|Any CPU
		{52E807E3-FE69-485E-88A9-C096F42B667B}.Debug|Any CPU.ActiveCfg = Debug|Any CPU
		{52E807E3-FE69-485E-88A9-C096F42B667B}.Debug|Any CPU.Build.0 = Debug|Any CPU
		{52E807E3-FE69-485E-88A9-C096F42B667B}.Release|Any CPU.ActiveCfg = Release|Any CPU
		{52E807E3-FE69-485E-88A9-C096F42B667B}.Release|Any CPU.Build.0 = Release|Any CPU
		{DA1326E6-676D-43C7-B6C8-E2C13294AC85}.Debug|Any CPU.ActiveCfg = Debug|Any CPU
		{DA1326E6-676D-43C7-B6C8-E2C13294AC85}.Debug|Any CPU.Build.0 = Debug|Any CPU
		{DA1326E6-676D-43C7-B6C8-E2C13294AC85}.Release|Any CPU.ActiveCfg = Release|Any CPU
		{DA1326E6-676D-43C7-B6C8-E2C13294AC85}.Release|Any CPU.Build.0 = Release|Any CPU
		{22A371E3-FD63-4004-85EB-8039127EB80B}.Debug|Any CPU.ActiveCfg = Debug|Any CPU
		{22A371E3-FD63-4004-85EB-8039127EB80B}.Debug|Any CPU.Build.0 = Debug|Any CPU
		{22A371E3-FD63-4004-85EB-8039127EB80B}.Release|Any CPU.ActiveCfg = Release|Any CPU
		{22A371E3-FD63-4004-85EB-8039127EB80B}.Release|Any CPU.Build.0 = Release|Any CPU
		{21B9F8FE-61AF-4AE1-B9BF-F340BF962E49}.Debug|Any CPU.ActiveCfg = Debug|Any CPU
		{21B9F8FE-61AF-4AE1-B9BF-F340BF962E49}.Debug|Any CPU.Build.0 = Debug|Any CPU
		{21B9F8FE-61AF-4AE1-B9BF-F340BF962E49}.Release|Any CPU.ActiveCfg = Release|Any CPU
		{21B9F8FE-61AF-4AE1-B9BF-F340BF962E49}.Release|Any CPU.Build.0 = Release|Any CPU
		{98348361-AC00-41C5-9CE6-4931B8AAAF4D}.Debug|Any CPU.ActiveCfg = Debug|Any CPU
		{98348361-AC00-41C5-9CE6-4931B8AAAF4D}.Debug|Any CPU.Build.0 = Debug|Any CPU
		{98348361-AC00-41C5-9CE6-4931B8AAAF4D}.Release|Any CPU.ActiveCfg = Release|Any CPU
		{98348361-AC00-41C5-9CE6-4931B8AAAF4D}.Release|Any CPU.Build.0 = Release|Any CPU
		{25C66976-C35E-4961-BDD6-EE16346D6552}.Debug|Any CPU.ActiveCfg = Debug|Any CPU
		{25C66976-C35E-4961-BDD6-EE16346D6552}.Debug|Any CPU.Build.0 = Debug|Any CPU
		{25C66976-C35E-4961-BDD6-EE16346D6552}.Release|Any CPU.ActiveCfg = Release|Any CPU
		{25C66976-C35E-4961-BDD6-EE16346D6552}.Release|Any CPU.Build.0 = Release|Any CPU
		{9009929C-B248-48F9-99F2-B3D1343A23CD}.Debug|Any CPU.ActiveCfg = Debug|Any CPU
		{9009929C-B248-48F9-99F2-B3D1343A23CD}.Debug|Any CPU.Build.0 = Debug|Any CPU
		{9009929C-B248-48F9-99F2-B3D1343A23CD}.Release|Any CPU.ActiveCfg = Release|Any CPU
		{9009929C-B248-48F9-99F2-B3D1343A23CD}.Release|Any CPU.Build.0 = Release|Any CPU
	EndGlobalSection
	GlobalSection(SolutionProperties) = preSolution
		HideSolutionNode = FALSE
	EndGlobalSection
EndGlobal
