
Microsoft Visual Studio Solution File, Format Version 12.00
# Visual Studio 2013
VisualStudioVersion = 12.0.30723.0
MinimumVisualStudioVersion = 10.0.40219.1
Project("{FAE04EC0-301F-11D3-BF4B-00C04F79EFBC}") = "01 BrowserType", "01 BrowserType\01 BrowserType.csproj", "{486F72DA-F662-45E0-B976-50E604AF4832}"
EndProject
Project("{FAE04EC0-301F-11D3-BF4B-00C04F79EFBC}") = "02 SessionObject", "02 SessionObject\02 SessionObject.csproj", "{656E9179-4C2A-4164-911B-440D79DB5139}"
EndProject
Project("{FAE04EC0-301F-11D3-BF4B-00C04F79EFBC}") = "03 Cookies", "03 Cookies\03 Cookies.csproj", "{29C01EB2-8137-499A-BA46-899CB57BE8AF}"
EndProject
Global
	GlobalSection(SolutionConfigurationPlatforms) = preSolution
		Debug|Any CPU = Debug|Any CPU
		Release|Any CPU = Release|Any CPU
	EndGlobalSection
	GlobalSection(ProjectConfigurationPlatforms) = postSolution
		{486F72DA-F662-45E0-B976-50E604AF4832}.Debug|Any CPU.ActiveCfg = Debug|Any CPU
		{486F72DA-F662-45E0-B976-50E604AF4832}.Debug|Any CPU.Build.0 = Debug|Any CPU
		{486F72DA-F662-45E0-B976-50E604AF4832}.Release|Any CPU.ActiveCfg = Release|Any CPU
		{486F72DA-F662-45E0-B976-50E604AF4832}.Release|Any CPU.Build.0 = Release|Any CPU
		{656E9179-4C2A-4164-911B-440D79DB5139}.Debug|Any CPU.ActiveCfg = Debug|Any CPU
		{656E9179-4C2A-4164-911B-440D79DB5139}.Debug|Any CPU.Build.0 = Debug|Any CPU
		{656E9179-4C2A-4164-911B-440D79DB5139}.Release|Any CPU.ActiveCfg = Release|Any CPU
		{656E9179-4C2A-4164-911B-440D79DB5139}.Release|Any CPU.Build.0 = Release|Any CPU
		{29C01EB2-8137-499A-BA46-899CB57BE8AF}.Debug|Any CPU.ActiveCfg = Debug|Any CPU
		{29C01EB2-8137-499A-BA46-899CB57BE8AF}.Debug|Any CPU.Build.0 = Debug|Any CPU
		{29C01EB2-8137-499A-BA46-899CB57BE8AF}.Release|Any CPU.ActiveCfg = Release|Any CPU
		{29C01EB2-8137-499A-BA46-899CB57BE8AF}.Release|Any CPU.Build.0 = Release|Any CPU
	EndGlobalSection
	GlobalSection(SolutionProperties) = preSolution
		HideSolutionNode = FALSE
	EndGlobalSection
EndGlobal
