
Microsoft Visual Studio Solution File, Format Version 12.00
# Visual Studio 2013
VisualStudioVersion = 12.0.30501.0
MinimumVisualStudioVersion = 10.0.40219.1
Project("{FAE04EC0-301F-11D3-BF4B-00C04F79EFBC}") = "WalkInMatrix", "WalkInMatrix\WalkInMatrix.csproj", "{2022376F-3126-4F9D-88E9-9FA952BAD155}"
EndProject
Project("{FAE04EC0-301F-11D3-BF4B-00C04F79EFBC}") = "WalkInMatrix.Test", "WalkInMatrix.Test\WalkInMatrix.Test.csproj", "{0AC476F7-820C-4962-B7B9-FEB606EE6A47}"
EndProject
Global
	GlobalSection(SolutionConfigurationPlatforms) = preSolution
		Debug|Any CPU = Debug|Any CPU
		Release|Any CPU = Release|Any CPU
	EndGlobalSection
	GlobalSection(ProjectConfigurationPlatforms) = postSolution
		{2022376F-3126-4F9D-88E9-9FA952BAD155}.Debug|Any CPU.ActiveCfg = Debug|Any CPU
		{2022376F-3126-4F9D-88E9-9FA952BAD155}.Debug|Any CPU.Build.0 = Debug|Any CPU
		{2022376F-3126-4F9D-88E9-9FA952BAD155}.Release|Any CPU.ActiveCfg = Release|Any CPU
		{2022376F-3126-4F9D-88E9-9FA952BAD155}.Release|Any CPU.Build.0 = Release|Any CPU
		{0AC476F7-820C-4962-B7B9-FEB606EE6A47}.Debug|Any CPU.ActiveCfg = Debug|Any CPU
		{0AC476F7-820C-4962-B7B9-FEB606EE6A47}.Debug|Any CPU.Build.0 = Debug|Any CPU
		{0AC476F7-820C-4962-B7B9-FEB606EE6A47}.Release|Any CPU.ActiveCfg = Release|Any CPU
		{0AC476F7-820C-4962-B7B9-FEB606EE6A47}.Release|Any CPU.Build.0 = Release|Any CPU
	EndGlobalSection
	GlobalSection(SolutionProperties) = preSolution
		HideSolutionNode = FALSE
	EndGlobalSection
EndGlobal
