
Microsoft Visual Studio Solution File, Format Version 12.00
# Visual Studio 14
VisualStudioVersion = 14.0.23107.0
MinimumVisualStudioVersion = 10.0.40219.1
Project("{FAE04EC0-301F-11D3-BF4B-00C04F79EFBC}") = "WcfServiceWeekDay.Web", "WcfServiceWeekDay.Web\WcfServiceWeekDay.Web.csproj", "{116039BB-EED8-4905-8988-C0793F2A7BE9}"
EndProject
Project("{FAE04EC0-301F-11D3-BF4B-00C04F79EFBC}") = "WeekDayConsumer.Console", "WeekDayConsumer.Console\WeekDayConsumer.Console.csproj", "{65098BF6-7A76-480D-B2D7-98FA1CFA3CAD}"
	ProjectSection(ProjectDependencies) = postProject
		{116039BB-EED8-4905-8988-C0793F2A7BE9} = {116039BB-EED8-4905-8988-C0793F2A7BE9}
	EndProjectSection
EndProject
Project("{FAE04EC0-301F-11D3-BF4B-00C04F79EFBC}") = "WcfServiceWeekDay.Library", "WcfServiceWeekDay.Library\WcfServiceWeekDay.Library.csproj", "{46919E58-48D4-4140-82F7-4B7ED5B99ACB}"
EndProject
Global
	GlobalSection(SolutionConfigurationPlatforms) = preSolution
		Debug|Any CPU = Debug|Any CPU
		Release|Any CPU = Release|Any CPU
	EndGlobalSection
	GlobalSection(ProjectConfigurationPlatforms) = postSolution
		{116039BB-EED8-4905-8988-C0793F2A7BE9}.Debug|Any CPU.ActiveCfg = Debug|Any CPU
		{116039BB-EED8-4905-8988-C0793F2A7BE9}.Debug|Any CPU.Build.0 = Debug|Any CPU
		{116039BB-EED8-4905-8988-C0793F2A7BE9}.Release|Any CPU.ActiveCfg = Release|Any CPU
		{116039BB-EED8-4905-8988-C0793F2A7BE9}.Release|Any CPU.Build.0 = Release|Any CPU
		{65098BF6-7A76-480D-B2D7-98FA1CFA3CAD}.Debug|Any CPU.ActiveCfg = Debug|Any CPU
		{65098BF6-7A76-480D-B2D7-98FA1CFA3CAD}.Debug|Any CPU.Build.0 = Debug|Any CPU
		{65098BF6-7A76-480D-B2D7-98FA1CFA3CAD}.Release|Any CPU.ActiveCfg = Release|Any CPU
		{65098BF6-7A76-480D-B2D7-98FA1CFA3CAD}.Release|Any CPU.Build.0 = Release|Any CPU
		{46919E58-48D4-4140-82F7-4B7ED5B99ACB}.Debug|Any CPU.ActiveCfg = Debug|Any CPU
		{46919E58-48D4-4140-82F7-4B7ED5B99ACB}.Debug|Any CPU.Build.0 = Debug|Any CPU
		{46919E58-48D4-4140-82F7-4B7ED5B99ACB}.Release|Any CPU.ActiveCfg = Release|Any CPU
		{46919E58-48D4-4140-82F7-4B7ED5B99ACB}.Release|Any CPU.Build.0 = Release|Any CPU
	EndGlobalSection
	GlobalSection(SolutionProperties) = preSolution
		HideSolutionNode = FALSE
	EndGlobalSection
EndGlobal
