
Microsoft Visual Studio Solution File, Format Version 12.00
# Visual Studio 2013
VisualStudioVersion = 12.0.30501.0
MinimumVisualStudioVersion = 10.0.40219.1
Project("{FAE04EC0-301F-11D3-BF4B-00C04F79EFBC}") = "01 PerformanceComparison", "01 PerformanceComparison\01 PerformanceComparison.csproj", "{27F44091-A9A4-4676-8546-4EF1C02085AB}"
EndProject
Project("{FAE04EC0-301F-11D3-BF4B-00C04F79EFBC}") = "02 PerformanceUsingToList", "02 PerformanceUsingToList\02 PerformanceUsingToList.csproj", "{7FCCD6FD-D5D3-4131-9E29-BC9505F06D4E}"
EndProject
Global
	GlobalSection(SolutionConfigurationPlatforms) = preSolution
		Debug|Any CPU = Debug|Any CPU
		Release|Any CPU = Release|Any CPU
	EndGlobalSection
	GlobalSection(ProjectConfigurationPlatforms) = postSolution
		{27F44091-A9A4-4676-8546-4EF1C02085AB}.Debug|Any CPU.ActiveCfg = Debug|Any CPU
		{27F44091-A9A4-4676-8546-4EF1C02085AB}.Debug|Any CPU.Build.0 = Debug|Any CPU
		{27F44091-A9A4-4676-8546-4EF1C02085AB}.Release|Any CPU.ActiveCfg = Release|Any CPU
		{27F44091-A9A4-4676-8546-4EF1C02085AB}.Release|Any CPU.Build.0 = Release|Any CPU
		{7FCCD6FD-D5D3-4131-9E29-BC9505F06D4E}.Debug|Any CPU.ActiveCfg = Debug|Any CPU
		{7FCCD6FD-D5D3-4131-9E29-BC9505F06D4E}.Debug|Any CPU.Build.0 = Debug|Any CPU
		{7FCCD6FD-D5D3-4131-9E29-BC9505F06D4E}.Release|Any CPU.ActiveCfg = Release|Any CPU
		{7FCCD6FD-D5D3-4131-9E29-BC9505F06D4E}.Release|Any CPU.Build.0 = Release|Any CPU
	EndGlobalSection
	GlobalSection(SolutionProperties) = preSolution
		HideSolutionNode = FALSE
	EndGlobalSection
EndGlobal
