
Microsoft Visual Studio Solution File, Format Version 12.00
# Visual Studio 14
VisualStudioVersion = 14.0.23107.0
MinimumVisualStudioVersion = 10.0.40219.1
Project("{2150E333-8FDC-42A3-9474-1A3956D46DE8}") = "Data", "Data", "{20DC6695-5678-49B8-9147-C12A5C3A5C27}"
EndProject
Project("{2150E333-8FDC-42A3-9474-1A3956D46DE8}") = "Server", "Server", "{C9946674-EBCA-4E03-84C3-978754100106}"
EndProject
Project("{FAE04EC0-301F-11D3-BF4B-00C04F79EFBC}") = "Exam.Server.Api", "Server\Exam.Server.Api\Exam.Server.Api.csproj", "{5E01A022-2B80-4658-9394-7C8CA5772FFB}"
EndProject
Project("{FAE04EC0-301F-11D3-BF4B-00C04F79EFBC}") = "Exam.Data", "Data\Exam.Data\Exam.Data.csproj", "{04CD96C5-A91C-46C5-92EB-0742F03161EA}"
EndProject
Project("{FAE04EC0-301F-11D3-BF4B-00C04F79EFBC}") = "Exam.Data.Common", "Data\Exam.Data.Common\Exam.Data.Common.csproj", "{C080D77B-C0DC-4376-974F-76785054848E}"
EndProject
Project("{FAE04EC0-301F-11D3-BF4B-00C04F79EFBC}") = "Exam.Data.Models", "Data\Exam.Data.Models\Exam.Data.Models.csproj", "{D71C76CE-2884-479F-9903-503E349EC66C}"
EndProject
Project("{FAE04EC0-301F-11D3-BF4B-00C04F79EFBC}") = "Exam.Server.Infrastructure", "Server\Exam.Server.Infrastructure\Exam.Server.Infrastructure.csproj", "{369F4E68-77FD-422A-9DF5-6CB18E13F78A}"
EndProject
Project("{FAE04EC0-301F-11D3-BF4B-00C04F79EFBC}") = "Exam.Common", "Exam.Common\Exam.Common.csproj", "{7534EE25-ECBD-462E-8F14-E3F9DCD93F4F}"
EndProject
Project("{2150E333-8FDC-42A3-9474-1A3956D46DE8}") = "Services", "Services", "{033A3D9E-65C3-480A-9E41-EF0EB56BBC2D}"
EndProject
Project("{FAE04EC0-301F-11D3-BF4B-00C04F79EFBC}") = "Exam.Services.Data", "Services\Exam.Services.Data\Exam.Services.Data.csproj", "{F51E035C-E447-4C0E-B0E2-A828A021070C}"
EndProject
Project("{2150E333-8FDC-42A3-9474-1A3956D46DE8}") = "Tests", "Tests", "{2B468F20-EEAF-4396-ABA3-005D9935671B}"
EndProject
Project("{FAE04EC0-301F-11D3-BF4B-00C04F79EFBC}") = "Exam.Tests.Server.Api", "Tests\Exam.Tests.Server.Api\Exam.Tests.Server.Api.csproj", "{B360F5B9-4D8F-49FF-ADA3-1048B2A1D7E9}"
EndProject
Project("{FAE04EC0-301F-11D3-BF4B-00C04F79EFBC}") = "Exam.Tests.Services.Data", "Tests\Exam.Tests.Services.Data\Exam.Tests.Services.Data.csproj", "{6FF24477-4CD2-4CA5-855F-329D6CEE3C74}"
EndProject
Global
	GlobalSection(SolutionConfigurationPlatforms) = preSolution
		Debug|Any CPU = Debug|Any CPU
		Release|Any CPU = Release|Any CPU
	EndGlobalSection
	GlobalSection(ProjectConfigurationPlatforms) = postSolution
		{5E01A022-2B80-4658-9394-7C8CA5772FFB}.Debug|Any CPU.ActiveCfg = Debug|Any CPU
		{5E01A022-2B80-4658-9394-7C8CA5772FFB}.Debug|Any CPU.Build.0 = Debug|Any CPU
		{5E01A022-2B80-4658-9394-7C8CA5772FFB}.Release|Any CPU.ActiveCfg = Release|Any CPU
		{5E01A022-2B80-4658-9394-7C8CA5772FFB}.Release|Any CPU.Build.0 = Release|Any CPU
		{04CD96C5-A91C-46C5-92EB-0742F03161EA}.Debug|Any CPU.ActiveCfg = Debug|Any CPU
		{04CD96C5-A91C-46C5-92EB-0742F03161EA}.Debug|Any CPU.Build.0 = Debug|Any CPU
		{04CD96C5-A91C-46C5-92EB-0742F03161EA}.Release|Any CPU.ActiveCfg = Release|Any CPU
		{04CD96C5-A91C-46C5-92EB-0742F03161EA}.Release|Any CPU.Build.0 = Release|Any CPU
		{C080D77B-C0DC-4376-974F-76785054848E}.Debug|Any CPU.ActiveCfg = Debug|Any CPU
		{C080D77B-C0DC-4376-974F-76785054848E}.Debug|Any CPU.Build.0 = Debug|Any CPU
		{C080D77B-C0DC-4376-974F-76785054848E}.Release|Any CPU.ActiveCfg = Release|Any CPU
		{C080D77B-C0DC-4376-974F-76785054848E}.Release|Any CPU.Build.0 = Release|Any CPU
		{D71C76CE-2884-479F-9903-503E349EC66C}.Debug|Any CPU.ActiveCfg = Debug|Any CPU
		{D71C76CE-2884-479F-9903-503E349EC66C}.Debug|Any CPU.Build.0 = Debug|Any CPU
		{D71C76CE-2884-479F-9903-503E349EC66C}.Release|Any CPU.ActiveCfg = Release|Any CPU
		{D71C76CE-2884-479F-9903-503E349EC66C}.Release|Any CPU.Build.0 = Release|Any CPU
		{369F4E68-77FD-422A-9DF5-6CB18E13F78A}.Debug|Any CPU.ActiveCfg = Debug|Any CPU
		{369F4E68-77FD-422A-9DF5-6CB18E13F78A}.Debug|Any CPU.Build.0 = Debug|Any CPU
		{369F4E68-77FD-422A-9DF5-6CB18E13F78A}.Release|Any CPU.ActiveCfg = Release|Any CPU
		{369F4E68-77FD-422A-9DF5-6CB18E13F78A}.Release|Any CPU.Build.0 = Release|Any CPU
		{7534EE25-ECBD-462E-8F14-E3F9DCD93F4F}.Debug|Any CPU.ActiveCfg = Debug|Any CPU
		{7534EE25-ECBD-462E-8F14-E3F9DCD93F4F}.Debug|Any CPU.Build.0 = Debug|Any CPU
		{7534EE25-ECBD-462E-8F14-E3F9DCD93F4F}.Release|Any CPU.ActiveCfg = Release|Any CPU
		{7534EE25-ECBD-462E-8F14-E3F9DCD93F4F}.Release|Any CPU.Build.0 = Release|Any CPU
		{F51E035C-E447-4C0E-B0E2-A828A021070C}.Debug|Any CPU.ActiveCfg = Debug|Any CPU
		{F51E035C-E447-4C0E-B0E2-A828A021070C}.Debug|Any CPU.Build.0 = Debug|Any CPU
		{F51E035C-E447-4C0E-B0E2-A828A021070C}.Release|Any CPU.ActiveCfg = Release|Any CPU
		{F51E035C-E447-4C0E-B0E2-A828A021070C}.Release|Any CPU.Build.0 = Release|Any CPU
		{B360F5B9-4D8F-49FF-ADA3-1048B2A1D7E9}.Debug|Any CPU.ActiveCfg = Debug|Any CPU
		{B360F5B9-4D8F-49FF-ADA3-1048B2A1D7E9}.Debug|Any CPU.Build.0 = Debug|Any CPU
		{B360F5B9-4D8F-49FF-ADA3-1048B2A1D7E9}.Release|Any CPU.ActiveCfg = Release|Any CPU
		{B360F5B9-4D8F-49FF-ADA3-1048B2A1D7E9}.Release|Any CPU.Build.0 = Release|Any CPU
		{6FF24477-4CD2-4CA5-855F-329D6CEE3C74}.Debug|Any CPU.ActiveCfg = Debug|Any CPU
		{6FF24477-4CD2-4CA5-855F-329D6CEE3C74}.Debug|Any CPU.Build.0 = Debug|Any CPU
		{6FF24477-4CD2-4CA5-855F-329D6CEE3C74}.Release|Any CPU.ActiveCfg = Release|Any CPU
		{6FF24477-4CD2-4CA5-855F-329D6CEE3C74}.Release|Any CPU.Build.0 = Release|Any CPU
	EndGlobalSection
	GlobalSection(SolutionProperties) = preSolution
		HideSolutionNode = FALSE
	EndGlobalSection
	GlobalSection(NestedProjects) = preSolution
		{5E01A022-2B80-4658-9394-7C8CA5772FFB} = {C9946674-EBCA-4E03-84C3-978754100106}
		{04CD96C5-A91C-46C5-92EB-0742F03161EA} = {20DC6695-5678-49B8-9147-C12A5C3A5C27}
		{C080D77B-C0DC-4376-974F-76785054848E} = {20DC6695-5678-49B8-9147-C12A5C3A5C27}
		{D71C76CE-2884-479F-9903-503E349EC66C} = {20DC6695-5678-49B8-9147-C12A5C3A5C27}
		{369F4E68-77FD-422A-9DF5-6CB18E13F78A} = {C9946674-EBCA-4E03-84C3-978754100106}
		{F51E035C-E447-4C0E-B0E2-A828A021070C} = {033A3D9E-65C3-480A-9E41-EF0EB56BBC2D}
		{B360F5B9-4D8F-49FF-ADA3-1048B2A1D7E9} = {2B468F20-EEAF-4396-ABA3-005D9935671B}
		{6FF24477-4CD2-4CA5-855F-329D6CEE3C74} = {2B468F20-EEAF-4396-ABA3-005D9935671B}
	EndGlobalSection
EndGlobal
