
Microsoft Visual Studio Solution File, Format Version 12.00
# Visual Studio 2013
VisualStudioVersion = 12.0.30501.0
MinimumVisualStudioVersion = 10.0.40219.1
Project("{FAE04EC0-301F-11D3-BF4B-00C04F79EFBC}") = "02. NorthwindReaderRetrieval", "02. NorthwindReaderRetrieval\02. NorthwindReaderRetrieval.csproj", "{B88CB9A4-5871-4E68-B939-CB15F603CA79}"
EndProject
Project("{FAE04EC0-301F-11D3-BF4B-00C04F79EFBC}") = "03. NorthwindReaderRetrieval", "03. NorthwindReaderRetrieval\03. NorthwindReaderRetrieval.csproj", "{B4E9B2F7-C6B1-4E41-B63C-0EDE36BEFDA6}"
EndProject
Project("{FAE04EC0-301F-11D3-BF4B-00C04F79EFBC}") = "04. AddInNorthwind", "04. AddInNorthwind\04. AddInNorthwind.csproj", "{6C45ED96-E79A-468A-88E7-354CB7F2782B}"
EndProject
Project("{FAE04EC0-301F-11D3-BF4B-00C04F79EFBC}") = "05. RetrieveImages", "05. RetrieveImages\05. RetrieveImages.csproj", "{21F7121A-4B25-48FD-93BC-53A3011431AA}"
EndProject
Project("{FAE04EC0-301F-11D3-BF4B-00C04F79EFBC}") = "01. NorthwindScalarRetrieval", "01. ADO.NET Homework\01. NorthwindScalarRetrieval.csproj", "{C3A40DFB-2A63-4D43-B11D-27C0570A28EF}"
EndProject
Project("{FAE04EC0-301F-11D3-BF4B-00C04F79EFBC}") = "06. ReadFromExcel", "06. ReadFromExcel\06. ReadFromExcel.csproj", "{50B570C0-9FE2-4BDC-ACFB-C4D134DA8561}"
EndProject
Project("{FAE04EC0-301F-11D3-BF4B-00C04F79EFBC}") = "07. AppendToExcel", "07. AppendToExcel\07. AppendToExcel.csproj", "{6D442A6E-5466-403D-9FCB-1B619AB1556F}"
EndProject
Global
	GlobalSection(SolutionConfigurationPlatforms) = preSolution
		Debug|Any CPU = Debug|Any CPU
		Release|Any CPU = Release|Any CPU
	EndGlobalSection
	GlobalSection(ProjectConfigurationPlatforms) = postSolution
		{B88CB9A4-5871-4E68-B939-CB15F603CA79}.Debug|Any CPU.ActiveCfg = Debug|Any CPU
		{B88CB9A4-5871-4E68-B939-CB15F603CA79}.Debug|Any CPU.Build.0 = Debug|Any CPU
		{B88CB9A4-5871-4E68-B939-CB15F603CA79}.Release|Any CPU.ActiveCfg = Release|Any CPU
		{B88CB9A4-5871-4E68-B939-CB15F603CA79}.Release|Any CPU.Build.0 = Release|Any CPU
		{B4E9B2F7-C6B1-4E41-B63C-0EDE36BEFDA6}.Debug|Any CPU.ActiveCfg = Debug|Any CPU
		{B4E9B2F7-C6B1-4E41-B63C-0EDE36BEFDA6}.Debug|Any CPU.Build.0 = Debug|Any CPU
		{B4E9B2F7-C6B1-4E41-B63C-0EDE36BEFDA6}.Release|Any CPU.ActiveCfg = Release|Any CPU
		{B4E9B2F7-C6B1-4E41-B63C-0EDE36BEFDA6}.Release|Any CPU.Build.0 = Release|Any CPU
		{6C45ED96-E79A-468A-88E7-354CB7F2782B}.Debug|Any CPU.ActiveCfg = Debug|Any CPU
		{6C45ED96-E79A-468A-88E7-354CB7F2782B}.Debug|Any CPU.Build.0 = Debug|Any CPU
		{6C45ED96-E79A-468A-88E7-354CB7F2782B}.Release|Any CPU.ActiveCfg = Release|Any CPU
		{6C45ED96-E79A-468A-88E7-354CB7F2782B}.Release|Any CPU.Build.0 = Release|Any CPU
		{21F7121A-4B25-48FD-93BC-53A3011431AA}.Debug|Any CPU.ActiveCfg = Debug|Any CPU
		{21F7121A-4B25-48FD-93BC-53A3011431AA}.Debug|Any CPU.Build.0 = Debug|Any CPU
		{21F7121A-4B25-48FD-93BC-53A3011431AA}.Release|Any CPU.ActiveCfg = Release|Any CPU
		{21F7121A-4B25-48FD-93BC-53A3011431AA}.Release|Any CPU.Build.0 = Release|Any CPU
		{C3A40DFB-2A63-4D43-B11D-27C0570A28EF}.Debug|Any CPU.ActiveCfg = Debug|Any CPU
		{C3A40DFB-2A63-4D43-B11D-27C0570A28EF}.Debug|Any CPU.Build.0 = Debug|Any CPU
		{C3A40DFB-2A63-4D43-B11D-27C0570A28EF}.Release|Any CPU.ActiveCfg = Release|Any CPU
		{C3A40DFB-2A63-4D43-B11D-27C0570A28EF}.Release|Any CPU.Build.0 = Release|Any CPU
		{50B570C0-9FE2-4BDC-ACFB-C4D134DA8561}.Debug|Any CPU.ActiveCfg = Debug|Any CPU
		{50B570C0-9FE2-4BDC-ACFB-C4D134DA8561}.Debug|Any CPU.Build.0 = Debug|Any CPU
		{50B570C0-9FE2-4BDC-ACFB-C4D134DA8561}.Release|Any CPU.ActiveCfg = Release|Any CPU
		{50B570C0-9FE2-4BDC-ACFB-C4D134DA8561}.Release|Any CPU.Build.0 = Release|Any CPU
		{6D442A6E-5466-403D-9FCB-1B619AB1556F}.Debug|Any CPU.ActiveCfg = Debug|Any CPU
		{6D442A6E-5466-403D-9FCB-1B619AB1556F}.Debug|Any CPU.Build.0 = Debug|Any CPU
		{6D442A6E-5466-403D-9FCB-1B619AB1556F}.Release|Any CPU.ActiveCfg = Release|Any CPU
		{6D442A6E-5466-403D-9FCB-1B619AB1556F}.Release|Any CPU.Build.0 = Release|Any CPU
	EndGlobalSection
	GlobalSection(SolutionProperties) = preSolution
		HideSolutionNode = FALSE
	EndGlobalSection
EndGlobal
